
Microsoft Visual Studio Solution File, Format Version 12.00
# Visual Studio Version 17
VisualStudioVersion = 17.8.34330.188
MinimumVisualStudioVersion = 10.0.40219.1
Project("{2150E333-8FDC-42A3-9474-1A3956D46DE8}") = "_SolutionItems", "_SolutionItems", "{9A5CBC0B-10BF-4D4A-BCA0-E49AEC33D770}"
	ProjectSection(SolutionItems) = preProject
		_SolutionItems\README.md = _SolutionItems\README.md
	EndProjectSection
EndProject
Project("{2150E333-8FDC-42A3-9474-1A3956D46DE8}") = "ApiGateway", "ApiGateway", "{6A433E7F-1B6A-43D5-B2A3-0A1FC23590F6}"
EndProject
Project("{2150E333-8FDC-42A3-9474-1A3956D46DE8}") = "src", "src", "{E9CF0086-E91A-4BC8-B318-1DD239373F05}"
EndProject
Project("{2150E333-8FDC-42A3-9474-1A3956D46DE8}") = "tests", "tests", "{F197807E-22B2-4565-8DC3-3524D44F6B2E}"
EndProject
Project("{9A19103F-16F7-4668-BE54-9A1E7A4F7556}") = "ELCLite.ApiGateway.Api", "ApiGateway\src\ELCLite.ApiGateway.Api\ELCLite.ApiGateway.Api.csproj", "{914EB4B7-D18B-430E-98A0-2ADBCC8B854C}"
EndProject
Project("{9A19103F-16F7-4668-BE54-9A1E7A4F7556}") = "ELCLite.ApiGateway.Api.Tests", "ApiGateway\tests\ELCLite.ApiGateway.Api.Tests\ELCLite.ApiGateway.Api.Tests.csproj", "{791973F6-29F6-48E7-82B2-AAE04C5D9D3A}"
EndProject
Project("{2150E333-8FDC-42A3-9474-1A3956D46DE8}") = "Common", "Common", "{DD7D8700-2FBF-4B38-8BA2-7627C57B7045}"
EndProject
Project("{2150E333-8FDC-42A3-9474-1A3956D46DE8}") = "src", "src", "{DEFF9273-F84B-43C4-A37E-42AE68300B74}"
EndProject
Project("{2150E333-8FDC-42A3-9474-1A3956D46DE8}") = "tests", "tests", "{B830A9D7-AD68-45B7-8821-555E3F6C9D9F}"
EndProject
Project("{9A19103F-16F7-4668-BE54-9A1E7A4F7556}") = "ELCLite.SharedKernel", "Common\src\ELCLite.SharedKernel\ELCLite.SharedKernel.csproj", "{620DF3F9-3A06-43D7-8040-614C7E1D12B3}"
EndProject
Project("{9A19103F-16F7-4668-BE54-9A1E7A4F7556}") = "ELCLite.SharedKernel.Tests", "Common\tests\ELCLite.SharedKernel.Tests\ELCLite.SharedKernel.Tests.csproj", "{852A3453-E190-448E-A21D-E8E2881E5F16}"
EndProject
Project("{2150E333-8FDC-42A3-9474-1A3956D46DE8}") = "CoreApp", "CoreApp", "{027CA81D-BA69-4EAB-9173-B6B9A1924F45}"
EndProject
Project("{2150E333-8FDC-42A3-9474-1A3956D46DE8}") = "data", "data", "{66439B93-C968-41DD-8A3C-F0C1E4C2BFC9}"
EndProject
Project("{00D1A9C2-B5F0-4AF3-8072-F6C62B433612}") = "ELCLite.Database", "CoreApp\data\ELCLite.Database\ELCLite.Database.sqlproj", "{F63F0B8C-2255-49DE-B130-A69C65A471B4}"
EndProject
Project("{2150E333-8FDC-42A3-9474-1A3956D46DE8}") = "src", "src", "{15CAF855-5C83-474B-A3AE-37B256014EB9}"
EndProject
Project("{2150E333-8FDC-42A3-9474-1A3956D46DE8}") = "tests", "tests", "{1AEA4D09-B2CD-45D1-9365-E2DB9C90D8E0}"
EndProject
Project("{9A19103F-16F7-4668-BE54-9A1E7A4F7556}") = "ELCLite.CoreApp.Api", "CoreApp\src\ELCLite.CoreApp.Api\ELCLite.CoreApp.Api.csproj", "{45BDCB49-9E58-4A72-BBF1-128CCE461CF9}"
EndProject
Project("{9A19103F-16F7-4668-BE54-9A1E7A4F7556}") = "ELCLite.CoreApp.Domain", "CoreApp\src\ELCLite.CoreApp.Domain\ELCLite.CoreApp.Domain.csproj", "{C255791C-D4A9-4F59-B8CC-24F1AD253A14}"
EndProject
Project("{9A19103F-16F7-4668-BE54-9A1E7A4F7556}") = "ELCLite.CoreApp.Infrastructure", "CoreApp\src\ELCLite.CoreApp.Infrastructure\ELCLite.CoreApp.Infrastructure.csproj", "{5975265C-5237-425B-86B1-C07366E24514}"
EndProject
Project("{9A19103F-16F7-4668-BE54-9A1E7A4F7556}") = "ELCLite.CoreApp.Api.Tests", "CoreApp\tests\ELCLite.CoreApp.Api.Tests\ELCLite.CoreApp.Api.Tests.csproj", "{69534728-CA64-40AC-BF40-61C7A1796062}"
EndProject
Project("{9A19103F-16F7-4668-BE54-9A1E7A4F7556}") = "ELCLite.CoreApp.Domain.Tests", "CoreApp\tests\ELCLite.CoreApp.Domain.Tests\ELCLite.CoreApp.Domain.Tests.csproj", "{99AF1C6C-2AB1-4A58-B7D8-EFCED591CA98}"
EndProject
Project("{9A19103F-16F7-4668-BE54-9A1E7A4F7556}") = "ELCLite.CoreApp.Infrastructure.Tests", "CoreApp\tests\ELCLite.CoreApp.Infrastructure.Tests\ELCLite.CoreApp.Infrastructure.Tests.csproj", "{51BBA76C-DCF8-4703-889B-09DDC4040FB2}"
EndProject
Project("{2150E333-8FDC-42A3-9474-1A3956D46DE8}") = "Identity", "Identity", "{B83B0110-D855-4DB5-81A7-226B3B7A3948}"
EndProject
Project("{2150E333-8FDC-42A3-9474-1A3956D46DE8}") = "src", "src", "{BF9662F4-0109-40C4-A817-D6096A985215}"
EndProject
Project("{2150E333-8FDC-42A3-9474-1A3956D46DE8}") = "tests", "tests", "{8C72351D-F8F9-48FF-BE53-377F399B9793}"
EndProject
Project("{9A19103F-16F7-4668-BE54-9A1E7A4F7556}") = "ELCLite.SharedKernel.Configuration", "Common\src\ELCLite.SharedKernel.Configuration\ELCLite.SharedKernel.Configuration.csproj", "{2CFC4320-BE9F-4D3D-B9D4-ABA0D14CF583}"
EndProject
Project("{9A19103F-16F7-4668-BE54-9A1E7A4F7556}") = "ELCLite.SharedKernel.Configuration.Tests", "Common\tests\ELCLite.SharedKernel.Configuration.Tests\ELCLite.SharedKernel.Configuration.Tests.csproj", "{DEE69980-7DFB-49C6-A720-22CF7B35B810}"
EndProject
Project("{9A19103F-16F7-4668-BE54-9A1E7A4F7556}") = "ELCLite.Identity.Api", "Identity\src\ELCLite.Identity.Api\ELCLite.Identity.Api.csproj", "{68F1D987-995E-47CC-94AF-BC66A42FAF19}"
EndProject
Project("{9A19103F-16F7-4668-BE54-9A1E7A4F7556}") = "ELCLite.Identity.Api.Tests", "Identity\tests\ELCLite.Identity.Api.Tests\ELCLite.Identity.Api.Tests.csproj", "{C27562AB-006D-45FF-8DCD-42DC05580426}"
EndProject
Project("{9A19103F-16F7-4668-BE54-9A1E7A4F7556}") = "ELCLite.Identity.Models", "Identity\src\ELCLite.Identity.Models\ELCLite.Identity.Models.csproj", "{B9BF1725-00E9-48FB-B063-55675AF88A66}"
EndProject
Project("{9A19103F-16F7-4668-BE54-9A1E7A4F7556}") = "ELCLite.Identity.Infrastructure.Tests", "Identity\tests\ELCLite.Identity.Infrastructure.Tests\ELCLite.Identity.Infrastructure.Tests.csproj", "{DB6EFB35-0955-4C30-AB55-0F8F9621C3FA}"
EndProject
Project("{9A19103F-16F7-4668-BE54-9A1E7A4F7556}") = "ELCLite.Identity.Infrastructure", "Identity\src\ELCLite.Identity.Infrastructure\ELCLite.Identity.Infrastructure.csproj", "{5F6654FA-4BCC-4F52-8AF6-247EA3623F09}"
EndProject
Project("{FAE04EC0-301F-11D3-BF4B-00C04F79EFBC}") = "ELCLite.Identity.Domain", "Identity\src\ELCLite.Identity.Domain\ELCLite.Identity.Domain.csproj", "{614327D7-DBA7-4139-878C-98ED419CD515}"
EndProject
Project("{FAE04EC0-301F-11D3-BF4B-00C04F79EFBC}") = "ELCLite.Identity.Domain.Tests", "Identity\tests\ELCLite.Identity.Domain.Tests\ELCLite.Identity.Domain.Tests.csproj", "{7C4C509B-820D-437A-8CE4-870C464B2741}"
EndProject
Global
	GlobalSection(SolutionConfigurationPlatforms) = preSolution
		Debug|Any CPU = Debug|Any CPU
		Release|Any CPU = Release|Any CPU
	EndGlobalSection
	GlobalSection(ProjectConfigurationPlatforms) = postSolution
		{914EB4B7-D18B-430E-98A0-2ADBCC8B854C}.Debug|Any CPU.ActiveCfg = Debug|Any CPU
		{914EB4B7-D18B-430E-98A0-2ADBCC8B854C}.Debug|Any CPU.Build.0 = Debug|Any CPU
		{914EB4B7-D18B-430E-98A0-2ADBCC8B854C}.Release|Any CPU.ActiveCfg = Release|Any CPU
		{914EB4B7-D18B-430E-98A0-2ADBCC8B854C}.Release|Any CPU.Build.0 = Release|Any CPU
		{791973F6-29F6-48E7-82B2-AAE04C5D9D3A}.Debug|Any CPU.ActiveCfg = Debug|Any CPU
		{791973F6-29F6-48E7-82B2-AAE04C5D9D3A}.Debug|Any CPU.Build.0 = Debug|Any CPU
		{791973F6-29F6-48E7-82B2-AAE04C5D9D3A}.Release|Any CPU.ActiveCfg = Release|Any CPU
		{791973F6-29F6-48E7-82B2-AAE04C5D9D3A}.Release|Any CPU.Build.0 = Release|Any CPU
		{620DF3F9-3A06-43D7-8040-614C7E1D12B3}.Debug|Any CPU.ActiveCfg = Debug|Any CPU
		{620DF3F9-3A06-43D7-8040-614C7E1D12B3}.Debug|Any CPU.Build.0 = Debug|Any CPU
		{620DF3F9-3A06-43D7-8040-614C7E1D12B3}.Release|Any CPU.ActiveCfg = Release|Any CPU
		{620DF3F9-3A06-43D7-8040-614C7E1D12B3}.Release|Any CPU.Build.0 = Release|Any CPU
		{852A3453-E190-448E-A21D-E8E2881E5F16}.Debug|Any CPU.ActiveCfg = Debug|Any CPU
		{852A3453-E190-448E-A21D-E8E2881E5F16}.Debug|Any CPU.Build.0 = Debug|Any CPU
		{852A3453-E190-448E-A21D-E8E2881E5F16}.Release|Any CPU.ActiveCfg = Release|Any CPU
		{852A3453-E190-448E-A21D-E8E2881E5F16}.Release|Any CPU.Build.0 = Release|Any CPU
		{F63F0B8C-2255-49DE-B130-A69C65A471B4}.Debug|Any CPU.ActiveCfg = Debug|Any CPU
		{F63F0B8C-2255-49DE-B130-A69C65A471B4}.Debug|Any CPU.Build.0 = Debug|Any CPU
		{F63F0B8C-2255-49DE-B130-A69C65A471B4}.Debug|Any CPU.Deploy.0 = Debug|Any CPU
		{F63F0B8C-2255-49DE-B130-A69C65A471B4}.Release|Any CPU.ActiveCfg = Release|Any CPU
		{F63F0B8C-2255-49DE-B130-A69C65A471B4}.Release|Any CPU.Build.0 = Release|Any CPU
		{F63F0B8C-2255-49DE-B130-A69C65A471B4}.Release|Any CPU.Deploy.0 = Release|Any CPU
		{45BDCB49-9E58-4A72-BBF1-128CCE461CF9}.Debug|Any CPU.ActiveCfg = Debug|Any CPU
		{45BDCB49-9E58-4A72-BBF1-128CCE461CF9}.Debug|Any CPU.Build.0 = Debug|Any CPU
		{45BDCB49-9E58-4A72-BBF1-128CCE461CF9}.Release|Any CPU.ActiveCfg = Release|Any CPU
		{45BDCB49-9E58-4A72-BBF1-128CCE461CF9}.Release|Any CPU.Build.0 = Release|Any CPU
		{C255791C-D4A9-4F59-B8CC-24F1AD253A14}.Debug|Any CPU.ActiveCfg = Debug|Any CPU
		{C255791C-D4A9-4F59-B8CC-24F1AD253A14}.Debug|Any CPU.Build.0 = Debug|Any CPU
		{C255791C-D4A9-4F59-B8CC-24F1AD253A14}.Release|Any CPU.ActiveCfg = Release|Any CPU
		{C255791C-D4A9-4F59-B8CC-24F1AD253A14}.Release|Any CPU.Build.0 = Release|Any CPU
		{5975265C-5237-425B-86B1-C07366E24514}.Debug|Any CPU.ActiveCfg = Debug|Any CPU
		{5975265C-5237-425B-86B1-C07366E24514}.Debug|Any CPU.Build.0 = Debug|Any CPU
		{5975265C-5237-425B-86B1-C07366E24514}.Release|Any CPU.ActiveCfg = Release|Any CPU
		{5975265C-5237-425B-86B1-C07366E24514}.Release|Any CPU.Build.0 = Release|Any CPU
		{69534728-CA64-40AC-BF40-61C7A1796062}.Debug|Any CPU.ActiveCfg = Debug|Any CPU
		{69534728-CA64-40AC-BF40-61C7A1796062}.Debug|Any CPU.Build.0 = Debug|Any CPU
		{69534728-CA64-40AC-BF40-61C7A1796062}.Release|Any CPU.ActiveCfg = Release|Any CPU
		{69534728-CA64-40AC-BF40-61C7A1796062}.Release|Any CPU.Build.0 = Release|Any CPU
		{99AF1C6C-2AB1-4A58-B7D8-EFCED591CA98}.Debug|Any CPU.ActiveCfg = Debug|Any CPU
		{99AF1C6C-2AB1-4A58-B7D8-EFCED591CA98}.Debug|Any CPU.Build.0 = Debug|Any CPU
		{99AF1C6C-2AB1-4A58-B7D8-EFCED591CA98}.Release|Any CPU.ActiveCfg = Release|Any CPU
		{99AF1C6C-2AB1-4A58-B7D8-EFCED591CA98}.Release|Any CPU.Build.0 = Release|Any CPU
		{51BBA76C-DCF8-4703-889B-09DDC4040FB2}.Debug|Any CPU.ActiveCfg = Debug|Any CPU
		{51BBA76C-DCF8-4703-889B-09DDC4040FB2}.Debug|Any CPU.Build.0 = Debug|Any CPU
		{51BBA76C-DCF8-4703-889B-09DDC4040FB2}.Release|Any CPU.ActiveCfg = Release|Any CPU
		{51BBA76C-DCF8-4703-889B-09DDC4040FB2}.Release|Any CPU.Build.0 = Release|Any CPU
		{2CFC4320-BE9F-4D3D-B9D4-ABA0D14CF583}.Debug|Any CPU.ActiveCfg = Debug|Any CPU
		{2CFC4320-BE9F-4D3D-B9D4-ABA0D14CF583}.Debug|Any CPU.Build.0 = Debug|Any CPU
		{2CFC4320-BE9F-4D3D-B9D4-ABA0D14CF583}.Release|Any CPU.ActiveCfg = Release|Any CPU
		{2CFC4320-BE9F-4D3D-B9D4-ABA0D14CF583}.Release|Any CPU.Build.0 = Release|Any CPU
		{DEE69980-7DFB-49C6-A720-22CF7B35B810}.Debug|Any CPU.ActiveCfg = Debug|Any CPU
		{DEE69980-7DFB-49C6-A720-22CF7B35B810}.Debug|Any CPU.Build.0 = Debug|Any CPU
		{DEE69980-7DFB-49C6-A720-22CF7B35B810}.Release|Any CPU.ActiveCfg = Release|Any CPU
		{DEE69980-7DFB-49C6-A720-22CF7B35B810}.Release|Any CPU.Build.0 = Release|Any CPU
		{68F1D987-995E-47CC-94AF-BC66A42FAF19}.Debug|Any CPU.ActiveCfg = Debug|Any CPU
		{68F1D987-995E-47CC-94AF-BC66A42FAF19}.Debug|Any CPU.Build.0 = Debug|Any CPU
		{68F1D987-995E-47CC-94AF-BC66A42FAF19}.Release|Any CPU.ActiveCfg = Release|Any CPU
		{68F1D987-995E-47CC-94AF-BC66A42FAF19}.Release|Any CPU.Build.0 = Release|Any CPU
		{C27562AB-006D-45FF-8DCD-42DC05580426}.Debug|Any CPU.ActiveCfg = Debug|Any CPU
		{C27562AB-006D-45FF-8DCD-42DC05580426}.Debug|Any CPU.Build.0 = Debug|Any CPU
		{C27562AB-006D-45FF-8DCD-42DC05580426}.Release|Any CPU.ActiveCfg = Release|Any CPU
		{C27562AB-006D-45FF-8DCD-42DC05580426}.Release|Any CPU.Build.0 = Release|Any CPU
		{B9BF1725-00E9-48FB-B063-55675AF88A66}.Debug|Any CPU.ActiveCfg = Debug|Any CPU
		{B9BF1725-00E9-48FB-B063-55675AF88A66}.Debug|Any CPU.Build.0 = Debug|Any CPU
		{B9BF1725-00E9-48FB-B063-55675AF88A66}.Release|Any CPU.ActiveCfg = Release|Any CPU
		{B9BF1725-00E9-48FB-B063-55675AF88A66}.Release|Any CPU.Build.0 = Release|Any CPU
		{DB6EFB35-0955-4C30-AB55-0F8F9621C3FA}.Debug|Any CPU.ActiveCfg = Debug|Any CPU
		{DB6EFB35-0955-4C30-AB55-0F8F9621C3FA}.Debug|Any CPU.Build.0 = Debug|Any CPU
		{DB6EFB35-0955-4C30-AB55-0F8F9621C3FA}.Release|Any CPU.ActiveCfg = Release|Any CPU
		{DB6EFB35-0955-4C30-AB55-0F8F9621C3FA}.Release|Any CPU.Build.0 = Release|Any CPU
		{5F6654FA-4BCC-4F52-8AF6-247EA3623F09}.Debug|Any CPU.ActiveCfg = Debug|Any CPU
		{5F6654FA-4BCC-4F52-8AF6-247EA3623F09}.Debug|Any CPU.Build.0 = Debug|Any CPU
		{5F6654FA-4BCC-4F52-8AF6-247EA3623F09}.Release|Any CPU.ActiveCfg = Release|Any CPU
		{5F6654FA-4BCC-4F52-8AF6-247EA3623F09}.Release|Any CPU.Build.0 = Release|Any CPU
		{614327D7-DBA7-4139-878C-98ED419CD515}.Debug|Any CPU.ActiveCfg = Debug|Any CPU
		{614327D7-DBA7-4139-878C-98ED419CD515}.Debug|Any CPU.Build.0 = Debug|Any CPU
		{614327D7-DBA7-4139-878C-98ED419CD515}.Release|Any CPU.ActiveCfg = Release|Any CPU
		{614327D7-DBA7-4139-878C-98ED419CD515}.Release|Any CPU.Build.0 = Release|Any CPU
		{7C4C509B-820D-437A-8CE4-870C464B2741}.Debug|Any CPU.ActiveCfg = Debug|Any CPU
		{7C4C509B-820D-437A-8CE4-870C464B2741}.Debug|Any CPU.Build.0 = Debug|Any CPU
		{7C4C509B-820D-437A-8CE4-870C464B2741}.Release|Any CPU.ActiveCfg = Release|Any CPU
		{7C4C509B-820D-437A-8CE4-870C464B2741}.Release|Any CPU.Build.0 = Release|Any CPU
	EndGlobalSection
	GlobalSection(SolutionProperties) = preSolution
		HideSolutionNode = FALSE
	EndGlobalSection
	GlobalSection(NestedProjects) = preSolution
		{E9CF0086-E91A-4BC8-B318-1DD239373F05} = {6A433E7F-1B6A-43D5-B2A3-0A1FC23590F6}
		{F197807E-22B2-4565-8DC3-3524D44F6B2E} = {6A433E7F-1B6A-43D5-B2A3-0A1FC23590F6}
		{914EB4B7-D18B-430E-98A0-2ADBCC8B854C} = {E9CF0086-E91A-4BC8-B318-1DD239373F05}
		{791973F6-29F6-48E7-82B2-AAE04C5D9D3A} = {F197807E-22B2-4565-8DC3-3524D44F6B2E}
		{DEFF9273-F84B-43C4-A37E-42AE68300B74} = {DD7D8700-2FBF-4B38-8BA2-7627C57B7045}
		{B830A9D7-AD68-45B7-8821-555E3F6C9D9F} = {DD7D8700-2FBF-4B38-8BA2-7627C57B7045}
		{620DF3F9-3A06-43D7-8040-614C7E1D12B3} = {DEFF9273-F84B-43C4-A37E-42AE68300B74}
		{852A3453-E190-448E-A21D-E8E2881E5F16} = {B830A9D7-AD68-45B7-8821-555E3F6C9D9F}
		{66439B93-C968-41DD-8A3C-F0C1E4C2BFC9} = {027CA81D-BA69-4EAB-9173-B6B9A1924F45}
		{F63F0B8C-2255-49DE-B130-A69C65A471B4} = {66439B93-C968-41DD-8A3C-F0C1E4C2BFC9}
		{15CAF855-5C83-474B-A3AE-37B256014EB9} = {027CA81D-BA69-4EAB-9173-B6B9A1924F45}
		{1AEA4D09-B2CD-45D1-9365-E2DB9C90D8E0} = {027CA81D-BA69-4EAB-9173-B6B9A1924F45}
		{45BDCB49-9E58-4A72-BBF1-128CCE461CF9} = {15CAF855-5C83-474B-A3AE-37B256014EB9}
		{C255791C-D4A9-4F59-B8CC-24F1AD253A14} = {15CAF855-5C83-474B-A3AE-37B256014EB9}
		{5975265C-5237-425B-86B1-C07366E24514} = {15CAF855-5C83-474B-A3AE-37B256014EB9}
		{69534728-CA64-40AC-BF40-61C7A1796062} = {1AEA4D09-B2CD-45D1-9365-E2DB9C90D8E0}
		{99AF1C6C-2AB1-4A58-B7D8-EFCED591CA98} = {1AEA4D09-B2CD-45D1-9365-E2DB9C90D8E0}
		{51BBA76C-DCF8-4703-889B-09DDC4040FB2} = {1AEA4D09-B2CD-45D1-9365-E2DB9C90D8E0}
		{BF9662F4-0109-40C4-A817-D6096A985215} = {B83B0110-D855-4DB5-81A7-226B3B7A3948}
		{8C72351D-F8F9-48FF-BE53-377F399B9793} = {B83B0110-D855-4DB5-81A7-226B3B7A3948}
		{2CFC4320-BE9F-4D3D-B9D4-ABA0D14CF583} = {DEFF9273-F84B-43C4-A37E-42AE68300B74}
		{DEE69980-7DFB-49C6-A720-22CF7B35B810} = {B830A9D7-AD68-45B7-8821-555E3F6C9D9F}
		{68F1D987-995E-47CC-94AF-BC66A42FAF19} = {BF9662F4-0109-40C4-A817-D6096A985215}
		{C27562AB-006D-45FF-8DCD-42DC05580426} = {8C72351D-F8F9-48FF-BE53-377F399B9793}
		{B9BF1725-00E9-48FB-B063-55675AF88A66} = {BF9662F4-0109-40C4-A817-D6096A985215}
		{DB6EFB35-0955-4C30-AB55-0F8F9621C3FA} = {8C72351D-F8F9-48FF-BE53-377F399B9793}
		{5F6654FA-4BCC-4F52-8AF6-247EA3623F09} = {BF9662F4-0109-40C4-A817-D6096A985215}
		{614327D7-DBA7-4139-878C-98ED419CD515} = {BF9662F4-0109-40C4-A817-D6096A985215}
		{7C4C509B-820D-437A-8CE4-870C464B2741} = {8C72351D-F8F9-48FF-BE53-377F399B9793}
	EndGlobalSection
	GlobalSection(ExtensibilityGlobals) = postSolution
		SolutionGuid = {93452C8C-4EE6-41DB-B5B2-5F170B5CA262}
	EndGlobalSection
EndGlobal
